{
  "version": 4,
  "terraform_version": "0.13.4",
  "serial": 373,
  "lineage": "18754a7e-5d9c-737c-0d35-6aed0e766b87",
  "outputs": {},
  "resources": [
    {
      "module": "module.data-replication-service",
      "mode": "managed",
      "type": "aws_s3_bucket",
      "name": "destination-bucket",
      "provider": "provider[\"registry.terraform.io/hashicorp/aws\"]",
      "instances": [
        {
          "schema_version": 0,
          "attributes": {
            "acceleration_status": "",
            "acl": "private",
            "arn": "arn:aws:s3:::s3-terraform-user-destination-bucket-444",
            "bucket": "s3-terraform-user-destination-bucket-444",
            "bucket_domain_name": "s3-terraform-user-destination-bucket-444.s3.amazonaws.com",
            "bucket_prefix": null,
            "bucket_regional_domain_name": "s3-terraform-user-destination-bucket-444.s3.amazonaws.com",
            "cors_rule": [],
            "force_destroy": false,
            "grant": [],
            "hosted_zone_id": "Z3AQBSTGFYJSTF",
            "id": "s3-terraform-user-destination-bucket-444",
            "lifecycle_rule": [],
            "logging": [],
            "object_lock_configuration": [],
            "policy": null,
            "region": "us-east-1",
            "replication_configuration": [],
            "request_payer": "BucketOwner",
            "server_side_encryption_configuration": [],
            "tags": {},
            "versioning": [
              {
                "enabled": false,
                "mfa_delete": false
              }
            ],
            "website": [],
            "website_domain": null,
            "website_endpoint": null
          }
        }
      ]
    },
    {
      "module": "module.data-replication-service",
      "mode": "managed",
      "type": "aws_s3_bucket",
      "name": "source-bucket",
      "provider": "provider[\"registry.terraform.io/hashicorp/aws\"]",
      "instances": [
        {
          "schema_version": 0,
          "attributes": {
            "acceleration_status": "",
            "acl": "private",
            "arn": "arn:aws:s3:::s3-terraform-user-source-bucket-222",
            "bucket": "s3-terraform-user-source-bucket-222",
            "bucket_domain_name": "s3-terraform-user-source-bucket-222.s3.amazonaws.com",
            "bucket_prefix": null,
            "bucket_regional_domain_name": "s3-terraform-user-source-bucket-222.s3.amazonaws.com",
            "cors_rule": [],
            "force_destroy": false,
            "grant": [],
            "hosted_zone_id": "Z3AQBSTGFYJSTF",
            "id": "s3-terraform-user-source-bucket-222",
            "lifecycle_rule": [],
            "logging": [],
            "object_lock_configuration": [],
            "policy": null,
            "region": "us-east-1",
            "replication_configuration": [],
            "request_payer": "BucketOwner",
            "server_side_encryption_configuration": [],
            "tags": {},
            "versioning": [
              {
                "enabled": false,
                "mfa_delete": false
              }
            ],
            "website": [],
            "website_domain": null,
            "website_endpoint": null
          }
        }
      ]
    }
  ]
}
